
Microsoft Visual Studio Solution File, Format Version 12.00
# Visual Studio Version 17
VisualStudioVersion = 17.5.33530.505
MinimumVisualStudioVersion = 10.0.40219.1
Project("{9A19103F-16F7-4668-BE54-9A1E7A4F7556}") = "Novacraft.Library", "Novacraft.Library\Novacraft.Library.csproj", "{27DC3015-615E-4B0E-B6C0-A59228F8695C}"
EndProject
Project("{9A19103F-16F7-4668-BE54-9A1E7A4F7556}") = "Novacraft.AvaloniaApp", "Novacraft.AvaloniaApp\Novacraft.AvaloniaApp.csproj", "{D91F826B-1969-4DE4-B602-61AD0D6F20BA}"
EndProject
Project("{9A19103F-16F7-4668-BE54-9A1E7A4F7556}") = "Novacraft.ConsoleApp", "Novacraft.ConsoleApp\Novacraft.ConsoleApp.csproj", "{BE2C2273-B13C-4803-B100-4EA1B5D46131}"
EndProject
Global
	GlobalSection(SolutionConfigurationPlatforms) = preSolution
		Debug|Any CPU = Debug|Any CPU
		Debug|x64 = Debug|x64
		Release|Any CPU = Release|Any CPU
		Release|x64 = Release|x64
	EndGlobalSection
	GlobalSection(ProjectConfigurationPlatforms) = postSolution
		{27DC3015-615E-4B0E-B6C0-A59228F8695C}.Debug|Any CPU.ActiveCfg = Debug|Any CPU
		{27DC3015-615E-4B0E-B6C0-A59228F8695C}.Debug|Any CPU.Build.0 = Debug|Any CPU
		{27DC3015-615E-4B0E-B6C0-A59228F8695C}.Debug|x64.ActiveCfg = Debug|x64
		{27DC3015-615E-4B0E-B6C0-A59228F8695C}.Debug|x64.Build.0 = Debug|x64
		{27DC3015-615E-4B0E-B6C0-A59228F8695C}.Release|Any CPU.ActiveCfg = Release|Any CPU
		{27DC3015-615E-4B0E-B6C0-A59228F8695C}.Release|Any CPU.Build.0 = Release|Any CPU
		{27DC3015-615E-4B0E-B6C0-A59228F8695C}.Release|x64.ActiveCfg = Release|x64
		{27DC3015-615E-4B0E-B6C0-A59228F8695C}.Release|x64.Build.0 = Release|x64
		{D91F826B-1969-4DE4-B602-61AD0D6F20BA}.Debug|Any CPU.ActiveCfg = Debug|Any CPU
		{D91F826B-1969-4DE4-B602-61AD0D6F20BA}.Debug|Any CPU.Build.0 = Debug|Any CPU
		{D91F826B-1969-4DE4-B602-61AD0D6F20BA}.Debug|x64.ActiveCfg = Debug|x64
		{D91F826B-1969-4DE4-B602-61AD0D6F20BA}.Debug|x64.Build.0 = Debug|x64
		{D91F826B-1969-4DE4-B602-61AD0D6F20BA}.Release|Any CPU.ActiveCfg = Release|Any CPU
		{D91F826B-1969-4DE4-B602-61AD0D6F20BA}.Release|Any CPU.Build.0 = Release|Any CPU
		{D91F826B-1969-4DE4-B602-61AD0D6F20BA}.Release|x64.ActiveCfg = Release|x64
		{D91F826B-1969-4DE4-B602-61AD0D6F20BA}.Release|x64.Build.0 = Release|x64
		{BE2C2273-B13C-4803-B100-4EA1B5D46131}.Debug|Any CPU.ActiveCfg = Debug|Any CPU
		{BE2C2273-B13C-4803-B100-4EA1B5D46131}.Debug|Any CPU.Build.0 = Debug|Any CPU
		{BE2C2273-B13C-4803-B100-4EA1B5D46131}.Debug|x64.ActiveCfg = Debug|x64
		{BE2C2273-B13C-4803-B100-4EA1B5D46131}.Debug|x64.Build.0 = Debug|x64
		{BE2C2273-B13C-4803-B100-4EA1B5D46131}.Release|Any CPU.ActiveCfg = Release|Any CPU
		{BE2C2273-B13C-4803-B100-4EA1B5D46131}.Release|Any CPU.Build.0 = Release|Any CPU
		{BE2C2273-B13C-4803-B100-4EA1B5D46131}.Release|x64.ActiveCfg = Release|x64
		{BE2C2273-B13C-4803-B100-4EA1B5D46131}.Release|x64.Build.0 = Release|x64
	EndGlobalSection
	GlobalSection(SolutionProperties) = preSolution
		HideSolutionNode = FALSE
	EndGlobalSection
	GlobalSection(ExtensibilityGlobals) = postSolution
		SolutionGuid = {15DB5D4F-F1EE-4AF7-B520-95556F015944}
	EndGlobalSection
EndGlobal
