
Microsoft Visual Studio Solution File, Format Version 12.00
Project("{FAE04EC0-301F-11D3-BF4B-00C04F79EFBC}") = "Blowaunch.Library", "Blowaunch.Library\Blowaunch.Library.csproj", "{27DC3015-615E-4B0E-B6C0-A59228F8695C}"
EndProject
Project("{FAE04EC0-301F-11D3-BF4B-00C04F79EFBC}") = "Blowaunch.AvaloniaApp", "Blowaunch.AvaloniaApp\Blowaunch.AvaloniaApp.csproj", "{D91F826B-1969-4DE4-B602-61AD0D6F20BA}"
EndProject
Global
	GlobalSection(SolutionConfigurationPlatforms) = preSolution
		Debug|Any CPU = Debug|Any CPU
		Release|Any CPU = Release|Any CPU
	EndGlobalSection
	GlobalSection(ProjectConfigurationPlatforms) = postSolution
		{27DC3015-615E-4B0E-B6C0-A59228F8695C}.Debug|Any CPU.ActiveCfg = Debug|Any CPU
		{27DC3015-615E-4B0E-B6C0-A59228F8695C}.Debug|Any CPU.Build.0 = Debug|Any CPU
		{27DC3015-615E-4B0E-B6C0-A59228F8695C}.Release|Any CPU.ActiveCfg = Release|Any CPU
		{27DC3015-615E-4B0E-B6C0-A59228F8695C}.Release|Any CPU.Build.0 = Release|Any CPU
		{D91F826B-1969-4DE4-B602-61AD0D6F20BA}.Debug|Any CPU.ActiveCfg = Debug|Any CPU
		{D91F826B-1969-4DE4-B602-61AD0D6F20BA}.Debug|Any CPU.Build.0 = Debug|Any CPU
		{D91F826B-1969-4DE4-B602-61AD0D6F20BA}.Release|Any CPU.ActiveCfg = Release|Any CPU
		{D91F826B-1969-4DE4-B602-61AD0D6F20BA}.Release|Any CPU.Build.0 = Release|Any CPU
	EndGlobalSection
EndGlobal
